
Microsoft Visual Studio Solution File, Format Version 12.00
# Visual Studio 14
VisualStudioVersion = 14.0.25420.1
MinimumVisualStudioVersion = 10.0.40219.1
Project("{FAE04EC0-301F-11D3-BF4B-00C04F79EFBC}") = "PretplataNaDogadjaje", "PretplataNaDogadjaje\PretplataNaDogadjaje.csproj", "{9A2D5BAB-EB50-412C-AADD-A59930842C9C}"
EndProject
Project("{2150E333-8FDC-42A3-9474-1A3956D46DE8}") = "_", "_", "{134050F6-7046-4E19-A04C-710C4392F57A}"
	ProjectSection(SolutionItems) = preProject
		ReadMe.txt = ReadMe.txt
	EndProjectSection
EndProject
Project("{FAE04EC0-301F-11D3-BF4B-00C04F79EFBC}") = "StatičkeNestatičkeDelegatskeMetode", "StatickeNestatickeDelegatskeMetode\StatičkeNestatičkeDelegatskeMetode.csproj", "{2F864416-3E4C-4242-AF48-222AF5F5B633}"
EndProject
Project("{FAE04EC0-301F-11D3-BF4B-00C04F79EFBC}") = "ProsljedjivanjeDelegata", "ProsljedjivanjeDelegata\ProsljedjivanjeDelegata.csproj", "{06F91828-593A-47A7-A198-5227C60C914D}"
EndProject
Project("{FAE04EC0-301F-11D3-BF4B-00C04F79EFBC}") = "UlančavanjeDelegata", "UlancavanjeDelegata\UlančavanjeDelegata.csproj", "{EBBD701B-2544-4CEA-B0D4-DDEEF67BFD3E}"
EndProject
Project("{FAE04EC0-301F-11D3-BF4B-00C04F79EFBC}") = "GetInvocationList", "GetInvocationList\GetInvocationList.csproj", "{2FE1AF9C-CAAB-4864-99D6-C27D4C6498D6}"
EndProject
Project("{FAE04EC0-301F-11D3-BF4B-00C04F79EFBC}") = "AnonimnaMetoda", "AnonimnaMetoda\AnonimnaMetoda.csproj", "{A40972CB-C1B0-47A9-A392-9590846A31B3}"
EndProject
Project("{FAE04EC0-301F-11D3-BF4B-00C04F79EFBC}") = "BlokiranjeGlavneNiti", "BlokiranjeGlavneNiti\BlokiranjeGlavneNiti.csproj", "{AB45547F-B5C7-43B8-837C-8ACE351B8F1E}"
EndProject
Project("{FAE04EC0-301F-11D3-BF4B-00C04F79EFBC}") = "LambdaIzrazi", "LambdaIzrazi\LambdaIzrazi.csproj", "{0D8F24B7-6299-4E6B-8CDA-1107D0B87032}"
EndProject
Project("{FAE04EC0-301F-11D3-BF4B-00C04F79EFBC}") = "DefiniranjeDogadjaja", "DefiniranjeDogadjaja\DefiniranjeDogadjaja.csproj", "{7D3180B7-9683-4E72-BA27-6D801F457609}"
EndProject
Project("{FAE04EC0-301F-11D3-BF4B-00C04F79EFBC}") = "CurenjeMemorijeZbogNeodjave", "CurenjeMemorijeZbogNeodjave\CurenjeMemorijeZbogNeodjave.csproj", "{339CFBE1-DF55-40E8-A2F6-394AFD6F37F7}"
EndProject
Project("{FAE04EC0-301F-11D3-BF4B-00C04F79EFBC}") = "DogadjajiVirtualneMetode", "DogadjajiVirtualneMetode\DogadjajiVirtualneMetode.csproj", "{E65A43DC-C40C-4630-9BA3-5C9FAD14490D}"
EndProject
Project("{2150E333-8FDC-42A3-9474-1A3956D46DE8}") = "01", "01", "{7B89CEAE-EB0F-4EFC-8C93-AE72D4560E1B}"
EndProject
Project("{2150E333-8FDC-42A3-9474-1A3956D46DE8}") = "02", "02", "{4035D1E8-C598-4518-84F0-17E459A4897C}"
EndProject
Project("{2150E333-8FDC-42A3-9474-1A3956D46DE8}") = "03", "03", "{4F188586-9F5C-4EF3-8E20-CBC757526555}"
EndProject
Project("{2150E333-8FDC-42A3-9474-1A3956D46DE8}") = "04", "04", "{109BFB2D-475F-4F9F-9785-50B1259107D3}"
EndProject
Project("{2150E333-8FDC-42A3-9474-1A3956D46DE8}") = "05", "05", "{E1B8F366-B6A8-42F0-A758-F5DFD507F1B9}"
EndProject
Project("{2150E333-8FDC-42A3-9474-1A3956D46DE8}") = "06", "06", "{4F04ED8A-4715-4AFC-BA6C-E5E1AB013CFC}"
EndProject
Project("{2150E333-8FDC-42A3-9474-1A3956D46DE8}") = "07", "07", "{3839DC14-59EA-4A38-8537-888404A79FC7}"
EndProject
Project("{2150E333-8FDC-42A3-9474-1A3956D46DE8}") = "08", "08", "{DF893FBB-233D-4831-B520-A1B36755FE7A}"
EndProject
Project("{2150E333-8FDC-42A3-9474-1A3956D46DE8}") = "09", "09", "{00631059-D482-4F8C-B1D6-9E5FEFCBB662}"
EndProject
Project("{2150E333-8FDC-42A3-9474-1A3956D46DE8}") = "10", "10", "{F603346D-D002-4858-A91B-26D1F43ED557}"
EndProject
Project("{2150E333-8FDC-42A3-9474-1A3956D46DE8}") = "11", "11", "{809D912F-5B76-4A7D-B9C1-F32066B4DC83}"
EndProject
Project("{FAE04EC0-301F-11D3-BF4B-00C04F79EFBC}") = "Testovi", "Testovi\Testovi.csproj", "{5493EBA9-913D-4B3D-9D71-6A29924DCD02}"
EndProject
Global
	GlobalSection(SolutionConfigurationPlatforms) = preSolution
		Debug|Any CPU = Debug|Any CPU
		Release|Any CPU = Release|Any CPU
	EndGlobalSection
	GlobalSection(ProjectConfigurationPlatforms) = postSolution
		{9A2D5BAB-EB50-412C-AADD-A59930842C9C}.Debug|Any CPU.ActiveCfg = Debug|Any CPU
		{9A2D5BAB-EB50-412C-AADD-A59930842C9C}.Debug|Any CPU.Build.0 = Debug|Any CPU
		{9A2D5BAB-EB50-412C-AADD-A59930842C9C}.Release|Any CPU.ActiveCfg = Release|Any CPU
		{9A2D5BAB-EB50-412C-AADD-A59930842C9C}.Release|Any CPU.Build.0 = Release|Any CPU
		{2F864416-3E4C-4242-AF48-222AF5F5B633}.Debug|Any CPU.ActiveCfg = Debug|Any CPU
		{2F864416-3E4C-4242-AF48-222AF5F5B633}.Debug|Any CPU.Build.0 = Debug|Any CPU
		{2F864416-3E4C-4242-AF48-222AF5F5B633}.Release|Any CPU.ActiveCfg = Release|Any CPU
		{2F864416-3E4C-4242-AF48-222AF5F5B633}.Release|Any CPU.Build.0 = Release|Any CPU
		{06F91828-593A-47A7-A198-5227C60C914D}.Debug|Any CPU.ActiveCfg = Debug|Any CPU
		{06F91828-593A-47A7-A198-5227C60C914D}.Debug|Any CPU.Build.0 = Debug|Any CPU
		{06F91828-593A-47A7-A198-5227C60C914D}.Release|Any CPU.ActiveCfg = Release|Any CPU
		{06F91828-593A-47A7-A198-5227C60C914D}.Release|Any CPU.Build.0 = Release|Any CPU
		{EBBD701B-2544-4CEA-B0D4-DDEEF67BFD3E}.Debug|Any CPU.ActiveCfg = Debug|Any CPU
		{EBBD701B-2544-4CEA-B0D4-DDEEF67BFD3E}.Debug|Any CPU.Build.0 = Debug|Any CPU
		{EBBD701B-2544-4CEA-B0D4-DDEEF67BFD3E}.Release|Any CPU.ActiveCfg = Release|Any CPU
		{EBBD701B-2544-4CEA-B0D4-DDEEF67BFD3E}.Release|Any CPU.Build.0 = Release|Any CPU
		{2FE1AF9C-CAAB-4864-99D6-C27D4C6498D6}.Debug|Any CPU.ActiveCfg = Debug|Any CPU
		{2FE1AF9C-CAAB-4864-99D6-C27D4C6498D6}.Debug|Any CPU.Build.0 = Debug|Any CPU
		{2FE1AF9C-CAAB-4864-99D6-C27D4C6498D6}.Release|Any CPU.ActiveCfg = Release|Any CPU
		{2FE1AF9C-CAAB-4864-99D6-C27D4C6498D6}.Release|Any CPU.Build.0 = Release|Any CPU
		{A40972CB-C1B0-47A9-A392-9590846A31B3}.Debug|Any CPU.ActiveCfg = Debug|Any CPU
		{A40972CB-C1B0-47A9-A392-9590846A31B3}.Debug|Any CPU.Build.0 = Debug|Any CPU
		{A40972CB-C1B0-47A9-A392-9590846A31B3}.Release|Any CPU.ActiveCfg = Release|Any CPU
		{A40972CB-C1B0-47A9-A392-9590846A31B3}.Release|Any CPU.Build.0 = Release|Any CPU
		{AB45547F-B5C7-43B8-837C-8ACE351B8F1E}.Debug|Any CPU.ActiveCfg = Debug|Any CPU
		{AB45547F-B5C7-43B8-837C-8ACE351B8F1E}.Debug|Any CPU.Build.0 = Debug|Any CPU
		{AB45547F-B5C7-43B8-837C-8ACE351B8F1E}.Release|Any CPU.ActiveCfg = Release|Any CPU
		{AB45547F-B5C7-43B8-837C-8ACE351B8F1E}.Release|Any CPU.Build.0 = Release|Any CPU
		{0D8F24B7-6299-4E6B-8CDA-1107D0B87032}.Debug|Any CPU.ActiveCfg = Debug|Any CPU
		{0D8F24B7-6299-4E6B-8CDA-1107D0B87032}.Debug|Any CPU.Build.0 = Debug|Any CPU
		{0D8F24B7-6299-4E6B-8CDA-1107D0B87032}.Release|Any CPU.ActiveCfg = Release|Any CPU
		{0D8F24B7-6299-4E6B-8CDA-1107D0B87032}.Release|Any CPU.Build.0 = Release|Any CPU
		{7D3180B7-9683-4E72-BA27-6D801F457609}.Debug|Any CPU.ActiveCfg = Debug|Any CPU
		{7D3180B7-9683-4E72-BA27-6D801F457609}.Debug|Any CPU.Build.0 = Debug|Any CPU
		{7D3180B7-9683-4E72-BA27-6D801F457609}.Release|Any CPU.ActiveCfg = Release|Any CPU
		{7D3180B7-9683-4E72-BA27-6D801F457609}.Release|Any CPU.Build.0 = Release|Any CPU
		{339CFBE1-DF55-40E8-A2F6-394AFD6F37F7}.Debug|Any CPU.ActiveCfg = Debug|Any CPU
		{339CFBE1-DF55-40E8-A2F6-394AFD6F37F7}.Debug|Any CPU.Build.0 = Debug|Any CPU
		{339CFBE1-DF55-40E8-A2F6-394AFD6F37F7}.Release|Any CPU.ActiveCfg = Release|Any CPU
		{339CFBE1-DF55-40E8-A2F6-394AFD6F37F7}.Release|Any CPU.Build.0 = Release|Any CPU
		{E65A43DC-C40C-4630-9BA3-5C9FAD14490D}.Debug|Any CPU.ActiveCfg = Debug|Any CPU
		{E65A43DC-C40C-4630-9BA3-5C9FAD14490D}.Debug|Any CPU.Build.0 = Debug|Any CPU
		{E65A43DC-C40C-4630-9BA3-5C9FAD14490D}.Release|Any CPU.ActiveCfg = Release|Any CPU
		{E65A43DC-C40C-4630-9BA3-5C9FAD14490D}.Release|Any CPU.Build.0 = Release|Any CPU
		{5493EBA9-913D-4B3D-9D71-6A29924DCD02}.Debug|Any CPU.ActiveCfg = Debug|Any CPU
		{5493EBA9-913D-4B3D-9D71-6A29924DCD02}.Debug|Any CPU.Build.0 = Debug|Any CPU
		{5493EBA9-913D-4B3D-9D71-6A29924DCD02}.Release|Any CPU.ActiveCfg = Release|Any CPU
		{5493EBA9-913D-4B3D-9D71-6A29924DCD02}.Release|Any CPU.Build.0 = Release|Any CPU
	EndGlobalSection
	GlobalSection(SolutionProperties) = preSolution
		HideSolutionNode = FALSE
	EndGlobalSection
	GlobalSection(NestedProjects) = preSolution
		{9A2D5BAB-EB50-412C-AADD-A59930842C9C} = {7B89CEAE-EB0F-4EFC-8C93-AE72D4560E1B}
		{2F864416-3E4C-4242-AF48-222AF5F5B633} = {4035D1E8-C598-4518-84F0-17E459A4897C}
		{06F91828-593A-47A7-A198-5227C60C914D} = {4F188586-9F5C-4EF3-8E20-CBC757526555}
		{EBBD701B-2544-4CEA-B0D4-DDEEF67BFD3E} = {109BFB2D-475F-4F9F-9785-50B1259107D3}
		{2FE1AF9C-CAAB-4864-99D6-C27D4C6498D6} = {E1B8F366-B6A8-42F0-A758-F5DFD507F1B9}
		{A40972CB-C1B0-47A9-A392-9590846A31B3} = {4F04ED8A-4715-4AFC-BA6C-E5E1AB013CFC}
		{AB45547F-B5C7-43B8-837C-8ACE351B8F1E} = {3839DC14-59EA-4A38-8537-888404A79FC7}
		{0D8F24B7-6299-4E6B-8CDA-1107D0B87032} = {DF893FBB-233D-4831-B520-A1B36755FE7A}
		{7D3180B7-9683-4E72-BA27-6D801F457609} = {00631059-D482-4F8C-B1D6-9E5FEFCBB662}
		{339CFBE1-DF55-40E8-A2F6-394AFD6F37F7} = {F603346D-D002-4858-A91B-26D1F43ED557}
		{E65A43DC-C40C-4630-9BA3-5C9FAD14490D} = {809D912F-5B76-4A7D-B9C1-F32066B4DC83}
	EndGlobalSection
EndGlobal
